{
  "nodes": {
    "flakeNimbleLib": {
      "inputs": {
        "nixpkgs": [
          "nixpkgs"
        ]
      },
      "locked": {
        "lastModified": 1662018438,
        "narHash": "sha256-QtNtU6+LX3Wokxf0zlFwKTFOcn6TeDjKQZ+DA9OYtvM=",
        "owner": "riinr",
        "repo": "nim-flakes-lib",
        "rev": "b1fe8340736e3a85d25c709ac3dfd82a55c03cbf",
        "type": "github"
      },
      "original": {
        "owner": "riinr",
        "ref": "master",
        "repo": "nim-flakes-lib",
        "type": "github"
      }
    },
    "kdialog-master": {
      "inputs": {
        "flakeNimbleLib": [
          "flakeNimbleLib"
        ],
        "nixpkgs": [
          "nixpkgs"
        ],
        "src-kdialog-master": "src-kdialog-master"
      },
      "locked": {
        "dir": "master",
        "lastModified": 1662254556,
        "narHash": "sha256-1Gh/mFWMIbPZC5nbbl8JZzLUG16aUC3dxqwyBMJBk0g=",
        "owner": "nim-nix-pkgs",
        "repo": "kdialog",
        "rev": "3c25fa710940e51f093ed420b3732bc9a62a45f3",
        "type": "github"
      },
      "original": {
        "dir": "master",
        "owner": "nim-nix-pkgs",
        "ref": "master",
        "repo": "kdialog",
        "type": "github"
      }
    },
    "nixpkgs": {
      "locked": {
        "lastModified": 1667110639,
        "narHash": "sha256-4FbPESZ5LbqQxkJJJBAfk/zKgF9h/4kyUwjjpJwYlbc=",
        "owner": "NixOS",
        "repo": "nixpkgs",
        "rev": "f38a1f04d1bec1feb61fd101a0539ae2002a7087",
        "type": "github"
      },
      "original": {
        "id": "nixpkgs",
        "type": "indirect"
      }
    },
    "root": {
      "inputs": {
        "flakeNimbleLib": "flakeNimbleLib",
        "kdialog-master": "kdialog-master",
        "nixpkgs": "nixpkgs"
      }
    },
    "src-kdialog-master": {
      "flake": false,
      "locked": {
        "lastModified": 1559844413,
        "narHash": "sha256-sNdPLMjd99apgdYWyzRlnvzweM/zYrGAR8+sjJYK8H8=",
        "owner": "juancarlospaco",
        "repo": "nim-kdialog",
        "rev": "6bd827130c48e3ddf4aaa29adfd395bed0d1afe4",
        "type": "github"
      },
      "original": {
        "owner": "juancarlospaco",
        "ref": "refs/heads/master",
        "repo": "nim-kdialog",
        "type": "github"
      }
    }
  },
  "root": "root",
  "version": 7
}
